// !$*UTF8*$!
{
	archiveVersion = 1;
	classes = {
	};
	objectVersion = 50;
	objects = {

/* Begin PBXBuildFile section */
		34D150CE2171A24200006D23 /* AppDelegate.m in Sources */ = {isa = PBXBuildFile; fileRef = 34D150CD2171A24200006D23 /* AppDelegate.m */; };
		34D150D62171A24300006D23 /* Assets.xcassets in Resources */ = {isa = PBXBuildFile; fileRef = 34D150D52171A24300006D23 /* Assets.xcassets */; };
		34D150D92171A24400006D23 /* LaunchScreen.storyboard in Resources */ = {isa = PBXBuildFile; fileRef = 34D150D72171A24400006D23 /* LaunchScreen.storyboard */; };
		34D150DC2171A24400006D23 /* main.m in Sources */ = {isa = PBXBuildFile; fileRef = 34D150DB2171A24400006D23 /* main.m */; };
		34D150FF2171C50C00006D23 /* ZWJTabBarViewController.m in Sources */ = {isa = PBXBuildFile; fileRef = 34D150FE2171C50C00006D23 /* ZWJTabBarViewController.m */; };
		34D151052171CF4A00006D23 /* ZWJWeiXinViewController.m in Sources */ = {isa = PBXBuildFile; fileRef = 34D151042171CF4A00006D23 /* ZWJWeiXinViewController.m */; };
		34D151082171CFC100006D23 /* ZWJINavigationController.m in Sources */ = {isa = PBXBuildFile; fileRef = 34D151072171CFC100006D23 /* ZWJINavigationController.m */; };
		34D1510B2171D09400006D23 /* ZWJMailListViewController.m in Sources */ = {isa = PBXBuildFile; fileRef = 34D1510A2171D09400006D23 /* ZWJMailListViewController.m */; };
		34D1510E2171D0BB00006D23 /* ZWJFindViewController.m in Sources */ = {isa = PBXBuildFile; fileRef = 34D1510D2171D0BB00006D23 /* ZWJFindViewController.m */; };
		34D151112171D0E300006D23 /* ZWJMeViewController.m in Sources */ = {isa = PBXBuildFile; fileRef = 34D151102171D0E300006D23 /* ZWJMeViewController.m */; };
/* End PBXBuildFile section */

/* Begin PBXFileReference section */
		34D150C92171A24200006D23 /* WeiXin.app */ = {isa = PBXFileReference; explicitFileType = wrapper.application; includeInIndex = 0; path = WeiXin.app; sourceTree = BUILT_PRODUCTS_DIR; };
		34D150CC2171A24200006D23 /* AppDelegate.h */ = {isa = PBXFileReference; lastKnownFileType = sourcecode.c.h; path = AppDelegate.h; sourceTree = "<group>"; };
		34D150CD2171A24200006D23 /* AppDelegate.m */ = {isa = PBXFileReference; lastKnownFileType = sourcecode.c.objc; path = AppDelegate.m; sourceTree = "<group>"; };
		34D150D52171A24300006D23 /* Assets.xcassets */ = {isa = PBXFileReference; lastKnownFileType = folder.assetcatalog; path = Assets.xcassets; sourceTree = "<group>"; };
		34D150D82171A24400006D23 /* Base */ = {isa = PBXFileReference; lastKnownFileType = file.storyboard; name = Base; path = Base.lproj/LaunchScreen.storyboard; sourceTree = "<group>"; };
		34D150DA2171A24400006D23 /* Info.plist */ = {isa = PBXFileReference; lastKnownFileType = text.plist.xml; path = Info.plist; sourceTree = "<group>"; };
		34D150DB2171A24400006D23 /* main.m */ = {isa = PBXFileReference; lastKnownFileType = sourcecode.c.objc; path = main.m; sourceTree = "<group>"; };
		34D150FD2171C50C00006D23 /* ZWJTabBarViewController.h */ = {isa = PBXFileReference; lastKnownFileType = sourcecode.c.h; path = ZWJTabBarViewController.h; sourceTree = "<group>"; };
		34D150FE2171C50C00006D23 /* ZWJTabBarViewController.m */ = {isa = PBXFileReference; lastKnownFileType = sourcecode.c.objc; path = ZWJTabBarViewController.m; sourceTree = "<group>"; };
		34D151032171CF4A00006D23 /* ZWJWeiXinViewController.h */ = {isa = PBXFileReference; lastKnownFileType = sourcecode.c.h; path = ZWJWeiXinViewController.h; sourceTree = "<group>"; };
		34D151042171CF4A00006D23 /* ZWJWeiXinViewController.m */ = {isa = PBXFileReference; lastKnownFileType = sourcecode.c.objc; path = ZWJWeiXinViewController.m; sourceTree = "<group>"; };
		34D151062171CFC100006D23 /* ZWJINavigationController.h */ = {isa = PBXFileReference; lastKnownFileType = sourcecode.c.h; path = ZWJINavigationController.h; sourceTree = "<group>"; };
		34D151072171CFC100006D23 /* ZWJINavigationController.m */ = {isa = PBXFileReference; lastKnownFileType = sourcecode.c.objc; path = ZWJINavigationController.m; sourceTree = "<group>"; };
		34D151092171D09400006D23 /* ZWJMailListViewController.h */ = {isa = PBXFileReference; lastKnownFileType = sourcecode.c.h; path = ZWJMailListViewController.h; sourceTree = "<group>"; };
		34D1510A2171D09400006D23 /* ZWJMailListViewController.m */ = {isa = PBXFileReference; lastKnownFileType = sourcecode.c.objc; path = ZWJMailListViewController.m; sourceTree = "<group>"; };
		34D1510C2171D0BB00006D23 /* ZWJFindViewController.h */ = {isa = PBXFileReference; lastKnownFileType = sourcecode.c.h; path = ZWJFindViewController.h; sourceTree = "<group>"; };
		34D1510D2171D0BB00006D23 /* ZWJFindViewController.m */ = {isa = PBXFileReference; lastKnownFileType = sourcecode.c.objc; path = ZWJFindViewController.m; sourceTree = "<group>"; };
		34D1510F2171D0E300006D23 /* ZWJMeViewController.h */ = {isa = PBXFileReference; lastKnownFileType = sourcecode.c.h; path = ZWJMeViewController.h; sourceTree = "<group>"; };
		34D151102171D0E300006D23 /* ZWJMeViewController.m */ = {isa = PBXFileReference; lastKnownFileType = sourcecode.c.objc; path = ZWJMeViewController.m; sourceTree = "<group>"; };
/* End PBXFileReference section */

/* Begin PBXFrameworksBuildPhase section */
		34D150C62171A24200006D23 /* Frameworks */ = {
			isa = PBXFrameworksBuildPhase;
			buildActionMask = 2147483647;
			files = (
			);
			runOnlyForDeploymentPostprocessing = 0;
		};
/* End PBXFrameworksBuildPhase section */

/* Begin PBXGroup section */
		34D150C02171A24200006D23 = {
			isa = PBXGroup;
			children = (
				34D150CB2171A24200006D23 /* WeiXin */,
				34D150CA2171A24200006D23 /* Products */,
			);
			sourceTree = "<group>";
		};
		34D150CA2171A24200006D23 /* Products */ = {
			isa = PBXGroup;
			children = (
				34D150C92171A24200006D23 /* WeiXin.app */,
			);
			name = Products;
			sourceTree = "<group>";
		};
		34D150CB2171A24200006D23 /* WeiXin */ = {
			isa = PBXGroup;
			children = (
				34D150E22171A44600006D23 /* WeiXinClasses */,
				34D150D52171A24300006D23 /* Assets.xcassets */,
				34D150D72171A24400006D23 /* LaunchScreen.storyboard */,
				34D150DA2171A24400006D23 /* Info.plist */,
				34D150DB2171A24400006D23 /* main.m */,
			);
			path = WeiXin;
			sourceTree = "<group>";
		};
		34D150E22171A44600006D23 /* WeiXinClasses */ = {
			isa = PBXGroup;
			children = (
				34D150F72171C25400006D23 /* AppDelegate */,
				34D150F82171C25400006D23 /* Other */,
				34D150E32171A44600006D23 /* find(发现) */,
				34D150E72171A44600006D23 /* MailList(通讯录) */,
				34D150EB2171A44600006D23 /* Main(主要) */,
				34D150EF2171A44600006D23 /* Weixin(微信) */,
				34D150F32171A44600006D23 /* Me(我) */,
			);
			path = WeiXinClasses;
			sourceTree = "<group>";
		};
		34D150E32171A44600006D23 /* find(发现) */ = {
			isa = PBXGroup;
			children = (
				34D150E42171A44600006D23 /* Controller */,
				34D150E52171A44600006D23 /* Model */,
				34D150E62171A44600006D23 /* View */,
			);
			path = "find(发现)";
			sourceTree = "<group>";
		};
		34D150E42171A44600006D23 /* Controller */ = {
			isa = PBXGroup;
			children = (
				34D1510C2171D0BB00006D23 /* ZWJFindViewController.h */,
				34D1510D2171D0BB00006D23 /* ZWJFindViewController.m */,
			);
			path = Controller;
			sourceTree = "<group>";
		};
		34D150E52171A44600006D23 /* Model */ = {
			isa = PBXGroup;
			children = (
			);
			path = Model;
			sourceTree = "<group>";
		};
		34D150E62171A44600006D23 /* View */ = {
			isa = PBXGroup;
			children = (
			);
			path = View;
			sourceTree = "<group>";
		};
		34D150E72171A44600006D23 /* MailList(通讯录) */ = {
			isa = PBXGroup;
			children = (
				34D150E82171A44600006D23 /* Controller */,
				34D150E92171A44600006D23 /* Model */,
				34D150EA2171A44600006D23 /* View */,
			);
			path = "MailList(通讯录)";
			sourceTree = "<group>";
		};
		34D150E82171A44600006D23 /* Controller */ = {
			isa = PBXGroup;
			children = (
				34D151092171D09400006D23 /* ZWJMailListViewController.h */,
				34D1510A2171D09400006D23 /* ZWJMailListViewController.m */,
			);
			path = Controller;
			sourceTree = "<group>";
		};
		34D150E92171A44600006D23 /* Model */ = {
			isa = PBXGroup;
			children = (
			);
			path = Model;
			sourceTree = "<group>";
		};
		34D150EA2171A44600006D23 /* View */ = {
			isa = PBXGroup;
			children = (
			);
			path = View;
			sourceTree = "<group>";
		};
		34D150EB2171A44600006D23 /* Main(主要) */ = {
			isa = PBXGroup;
			children = (
				34D150FC2171C47200006D23 /* Controller */,
				34D150ED2171A44600006D23 /* Model */,
				34D150EE2171A44600006D23 /* View */,
			);
			path = "Main(主要)";
			sourceTree = "<group>";
		};
		34D150ED2171A44600006D23 /* Model */ = {
			isa = PBXGroup;
			children = (
			);
			path = Model;
			sourceTree = "<group>";
		};
		34D150EE2171A44600006D23 /* View */ = {
			isa = PBXGroup;
			children = (
			);
			path = View;
			sourceTree = "<group>";
		};
		34D150EF2171A44600006D23 /* Weixin(微信) */ = {
			isa = PBXGroup;
			children = (
				34D150F02171A44600006D23 /* Controller */,
				34D150F12171A44600006D23 /* Model */,
				34D150F22171A44600006D23 /* View */,
			);
			path = "Weixin(微信)";
			sourceTree = "<group>";
		};
		34D150F02171A44600006D23 /* Controller */ = {
			isa = PBXGroup;
			children = (
				34D151032171CF4A00006D23 /* ZWJWeiXinViewController.h */,
				34D151042171CF4A00006D23 /* ZWJWeiXinViewController.m */,
			);
			path = Controller;
			sourceTree = "<group>";
		};
		34D150F12171A44600006D23 /* Model */ = {
			isa = PBXGroup;
			children = (
			);
			path = Model;
			sourceTree = "<group>";
		};
		34D150F22171A44600006D23 /* View */ = {
			isa = PBXGroup;
			children = (
			);
			path = View;
			sourceTree = "<group>";
		};
		34D150F32171A44600006D23 /* Me(我) */ = {
			isa = PBXGroup;
			children = (
				34D150F42171A44600006D23 /* Controller */,
				34D150F52171A44600006D23 /* Model */,
				34D150F62171A44600006D23 /* View */,
			);
			path = "Me(我)";
			sourceTree = "<group>";
		};
		34D150F42171A44600006D23 /* Controller */ = {
			isa = PBXGroup;
			children = (
				34D1510F2171D0E300006D23 /* ZWJMeViewController.h */,
				34D151102171D0E300006D23 /* ZWJMeViewController.m */,
			);
			path = Controller;
			sourceTree = "<group>";
		};
		34D150F52171A44600006D23 /* Model */ = {
			isa = PBXGroup;
			children = (
			);
			path = Model;
			sourceTree = "<group>";
		};
		34D150F62171A44600006D23 /* View */ = {
			isa = PBXGroup;
			children = (
			);
			path = View;
			sourceTree = "<group>";
		};
		34D150F72171C25400006D23 /* AppDelegate */ = {
			isa = PBXGroup;
			children = (
				34D150CC2171A24200006D23 /* AppDelegate.h */,
				34D150CD2171A24200006D23 /* AppDelegate.m */,
			);
			name = AppDelegate;
			path = WeiXin/WeiXinClasses/AppDelegate;
			sourceTree = SOURCE_ROOT;
		};
		34D150F82171C25400006D23 /* Other */ = {
			isa = PBXGroup;
			children = (
			);
			name = Other;
			path = WeiXin/WeiXinClasses/Other;
			sourceTree = SOURCE_ROOT;
		};
		34D150FC2171C47200006D23 /* Controller */ = {
			isa = PBXGroup;
			children = (
				34D150FD2171C50C00006D23 /* ZWJTabBarViewController.h */,
				34D150FE2171C50C00006D23 /* ZWJTabBarViewController.m */,
				34D151062171CFC100006D23 /* ZWJINavigationController.h */,
				34D151072171CFC100006D23 /* ZWJINavigationController.m */,
			);
			path = Controller;
			sourceTree = "<group>";
		};
/* End PBXGroup section */

/* Begin PBXNativeTarget section */
		34D150C82171A24200006D23 /* WeiXin */ = {
			isa = PBXNativeTarget;
			buildConfigurationList = 34D150DF2171A24400006D23 /* Build configuration list for PBXNativeTarget "WeiXin" */;
			buildPhases = (
				34D150C52171A24200006D23 /* Sources */,
				34D150C62171A24200006D23 /* Frameworks */,
				34D150C72171A24200006D23 /* Resources */,
			);
			buildRules = (
			);
			dependencies = (
			);
			name = WeiXin;
			productName = WeiXin;
			productReference = 34D150C92171A24200006D23 /* WeiXin.app */;
			productType = "com.apple.product-type.application";
		};
/* End PBXNativeTarget section */

/* Begin PBXProject section */
		34D150C12171A24200006D23 /* Project object */ = {
			isa = PBXProject;
			attributes = {
				LastUpgradeCheck = 1000;
				ORGANIZATIONNAME = ZWJ;
				TargetAttributes = {
					34D150C82171A24200006D23 = {
						CreatedOnToolsVersion = 10.0;
					};
				};
			};
			buildConfigurationList = 34D150C42171A24200006D23 /* Build configuration list for PBXProject "WeiXin" */;
			compatibilityVersion = "Xcode 9.3";
			developmentRegion = en;
			hasScannedForEncodings = 0;
			knownRegions = (
				en,
				Base,
			);
			mainGroup = 34D150C02171A24200006D23;
			productRefGroup = 34D150CA2171A24200006D23 /* Products */;
			projectDirPath = "";
			projectRoot = "";
			targets = (
				34D150C82171A24200006D23 /* WeiXin */,
			);
		};
/* End PBXProject section */

/* Begin PBXResourcesBuildPhase section */
		34D150C72171A24200006D23 /* Resources */ = {
			isa = PBXResourcesBuildPhase;
			buildActionMask = 2147483647;
			files = (
				34D150D92171A24400006D23 /* LaunchScreen.storyboard in Resources */,
				34D150D62171A24300006D23 /* Assets.xcassets in Resources */,
			);
			runOnlyForDeploymentPostprocessing = 0;
		};
/* End PBXResourcesBuildPhase section */

/* Begin PBXSourcesBuildPhase section */
		34D150C52171A24200006D23 /* Sources */ = {
			isa = PBXSourcesBuildPhase;
			buildActionMask = 2147483647;
			files = (
				34D150DC2171A24400006D23 /* main.m in Sources */,
				34D150FF2171C50C00006D23 /* ZWJTabBarViewController.m in Sources */,
				34D151052171CF4A00006D23 /* ZWJWeiXinViewController.m in Sources */,
				34D1510B2171D09400006D23 /* ZWJMailListViewController.m in Sources */,
				34D151112171D0E300006D23 /* ZWJMeViewController.m in Sources */,
				34D151082171CFC100006D23 /* ZWJINavigationController.m in Sources */,
				34D1510E2171D0BB00006D23 /* ZWJFindViewController.m in Sources */,
				34D150CE2171A24200006D23 /* AppDelegate.m in Sources */,
			);
			runOnlyForDeploymentPostprocessing = 0;
		};
/* End PBXSourcesBuildPhase section */

/* Begin PBXVariantGroup section */
		34D150D72171A24400006D23 /* LaunchScreen.storyboard */ = {
			isa = PBXVariantGroup;
			children = (
				34D150D82171A24400006D23 /* Base */,
			);
			name = LaunchScreen.storyboard;
			sourceTree = "<group>";
		};
/* End PBXVariantGroup section */

/* Begin XCBuildConfiguration section */
		34D150DD2171A24400006D23 /* Debug */ = {
			isa = XCBuildConfiguration;
			buildSettings = {
				ALWAYS_SEARCH_USER_PATHS = NO;
				CLANG_ANALYZER_NONNULL = YES;
				CLANG_ANALYZER_NUMBER_OBJECT_CONVERSION = YES_AGGRESSIVE;
				CLANG_CXX_LANGUAGE_STANDARD = "gnu++14";
				CLANG_CXX_LIBRARY = "libc++";
				CLANG_ENABLE_MODULES = YES;
				CLANG_ENABLE_OBJC_ARC = YES;
				CLANG_ENABLE_OBJC_WEAK = YES;
				CLANG_WARN_BLOCK_CAPTURE_AUTORELEASING = YES;
				CLANG_WARN_BOOL_CONVERSION = YES;
				CLANG_WARN_COMMA = YES;
				CLANG_WARN_CONSTANT_CONVERSION = YES;
				CLANG_WARN_DEPRECATED_OBJC_IMPLEMENTATIONS = YES;
				CLANG_WARN_DIRECT_OBJC_ISA_USAGE = YES_ERROR;
				CLANG_WARN_DOCUMENTATION_COMMENTS = YES;
				CLANG_WARN_EMPTY_BODY = YES;
				CLANG_WARN_ENUM_CONVERSION = YES;
				CLANG_WARN_INFINITE_RECURSION = YES;
				CLANG_WARN_INT_CONVERSION = YES;
				CLANG_WARN_NON_LITERAL_NULL_CONVERSION = YES;
				CLANG_WARN_OBJC_IMPLICIT_RETAIN_SELF = YES;
				CLANG_WARN_OBJC_LITERAL_CONVERSION = YES;
				CLANG_WARN_OBJC_ROOT_CLASS = YES_ERROR;
				CLANG_WARN_RANGE_LOOP_ANALYSIS = YES;
				CLANG_WARN_STRICT_PROTOTYPES = YES;
				CLANG_WARN_SUSPICIOUS_MOVE = YES;
				CLANG_WARN_UNGUARDED_AVAILABILITY = YES_AGGRESSIVE;
				CLANG_WARN_UNREACHABLE_CODE = YES;
				CLANG_WARN__DUPLICATE_METHOD_MATCH = YES;
				CODE_SIGN_IDENTITY = "iPhone Developer";
				COPY_PHASE_STRIP = NO;
				DEBUG_INFORMATION_FORMAT = dwarf;
				ENABLE_STRICT_OBJC_MSGSEND = YES;
				ENABLE_TESTABILITY = YES;
				GCC_C_LANGUAGE_STANDARD = gnu11;
				GCC_DYNAMIC_NO_PIC = NO;
				GCC_NO_COMMON_BLOCKS = YES;
				GCC_OPTIMIZATION_LEVEL = 0;
				GCC_PREPROCESSOR_DEFINITIONS = (
					"DEBUG=1",
					"$(inherited)",
				);
				GCC_WARN_64_TO_32_BIT_CONVERSION = YES;
				GCC_WARN_ABOUT_RETURN_TYPE = YES_ERROR;
				GCC_WARN_UNDECLARED_SELECTOR = YES;
				GCC_WARN_UNINITIALIZED_AUTOS = YES_AGGRESSIVE;
				GCC_WARN_UNUSED_FUNCTION = YES;
				GCC_WARN_UNUSED_VARIABLE = YES;
				IPHONEOS_DEPLOYMENT_TARGET = 12.0;
				MTL_ENABLE_DEBUG_INFO = INCLUDE_SOURCE;
				MTL_FAST_MATH = YES;
				ONLY_ACTIVE_ARCH = YES;
				SDKROOT = iphoneos;
			};
			name = Debug;
		};
		34D150DE2171A24400006D23 /* Release */ = {
			isa = XCBuildConfiguration;
			buildSettings = {
				ALWAYS_SEARCH_USER_PATHS = NO;
				CLANG_ANALYZER_NONNULL = YES;
				CLANG_ANALYZER_NUMBER_OBJECT_CONVERSION = YES_AGGRESSIVE;
				CLANG_CXX_LANGUAGE_STANDARD = "gnu++14";
				CLANG_CXX_LIBRARY = "libc++";
				CLANG_ENABLE_MODULES = YES;
				CLANG_ENABLE_OBJC_ARC = YES;
				CLANG_ENABLE_OBJC_WEAK = YES;
				CLANG_WARN_BLOCK_CAPTURE_AUTORELEASING = YES;
				CLANG_WARN_BOOL_CONVERSION = YES;
				CLANG_WARN_COMMA = YES;
				CLANG_WARN_CONSTANT_CONVERSION = YES;
				CLANG_WARN_DEPRECATED_OBJC_IMPLEMENTATIONS = YES;
				CLANG_WARN_DIRECT_OBJC_ISA_USAGE = YES_ERROR;
				CLANG_WARN_DOCUMENTATION_COMMENTS = YES;
				CLANG_WARN_EMPTY_BODY = YES;
				CLANG_WARN_ENUM_CONVERSION = YES;
				CLANG_WARN_INFINITE_RECURSION = YES;
				CLANG_WARN_INT_CONVERSION = YES;
				CLANG_WARN_NON_LITERAL_NULL_CONVERSION = YES;
				CLANG_WARN_OBJC_IMPLICIT_RETAIN_SELF = YES;
				CLANG_WARN_OBJC_LITERAL_CONVERSION = YES;
				CLANG_WARN_OBJC_ROOT_CLASS = YES_ERROR;
				CLANG_WARN_RANGE_LOOP_ANALYSIS = YES;
				CLANG_WARN_STRICT_PROTOTYPES = YES;
				CLANG_WARN_SUSPICIOUS_MOVE = YES;
				CLANG_WARN_UNGUARDED_AVAILABILITY = YES_AGGRESSIVE;
				CLANG_WARN_UNREACHABLE_CODE = YES;
				CLANG_WARN__DUPLICATE_METHOD_MATCH = YES;
				CODE_SIGN_IDENTITY = "iPhone Developer";
				COPY_PHASE_STRIP = NO;
				DEBUG_INFORMATION_FORMAT = "dwarf-with-dsym";
				ENABLE_NS_ASSERTIONS = NO;
				ENABLE_STRICT_OBJC_MSGSEND = YES;
				GCC_C_LANGUAGE_STANDARD = gnu11;
				GCC_NO_COMMON_BLOCKS = YES;
				GCC_WARN_64_TO_32_BIT_CONVERSION = YES;
				GCC_WARN_ABOUT_RETURN_TYPE = YES_ERROR;
				GCC_WARN_UNDECLARED_SELECTOR = YES;
				GCC_WARN_UNINITIALIZED_AUTOS = YES_AGGRESSIVE;
				GCC_WARN_UNUSED_FUNCTION = YES;
				GCC_WARN_UNUSED_VARIABLE = YES;
				IPHONEOS_DEPLOYMENT_TARGET = 12.0;
				MTL_ENABLE_DEBUG_INFO = NO;
				MTL_FAST_MATH = YES;
				SDKROOT = iphoneos;
				VALIDATE_PRODUCT = YES;
			};
			name = Release;
		};
		34D150E02171A24400006D23 /* Debug */ = {
			isa = XCBuildConfiguration;
			buildSettings = {
				ASSETCATALOG_COMPILER_APPICON_NAME = AppIcon;
				CODE_SIGN_STYLE = Automatic;
				DEVELOPMENT_TEAM = K8P6SM469N;
				INFOPLIST_FILE = WeiXin/Info.plist;
				LD_RUNPATH_SEARCH_PATHS = (
					"$(inherited)",
					"@executable_path/Frameworks",
				);
				PRODUCT_BUNDLE_IDENTIFIER = com.longshine.WeiXin;
				PRODUCT_NAME = "$(TARGET_NAME)";
				TARGETED_DEVICE_FAMILY = "1,2";
			};
			name = Debug;
		};
		34D150E12171A24400006D23 /* Release */ = {
			isa = XCBuildConfiguration;
			buildSettings = {
				ASSETCATALOG_COMPILER_APPICON_NAME = AppIcon;
				CODE_SIGN_STYLE = Automatic;
				DEVELOPMENT_TEAM = K8P6SM469N;
				INFOPLIST_FILE = WeiXin/Info.plist;
				LD_RUNPATH_SEARCH_PATHS = (
					"$(inherited)",
					"@executable_path/Frameworks",
				);
				PRODUCT_BUNDLE_IDENTIFIER = com.longshine.WeiXin;
				PRODUCT_NAME = "$(TARGET_NAME)";
				TARGETED_DEVICE_FAMILY = "1,2";
			};
			name = Release;
		};
/* End XCBuildConfiguration section */

/* Begin XCConfigurationList section */
		34D150C42171A24200006D23 /* Build configuration list for PBXProject "WeiXin" */ = {
			isa = XCConfigurationList;
			buildConfigurations = (
				34D150DD2171A24400006D23 /* Debug */,
				34D150DE2171A24400006D23 /* Release */,
			);
			defaultConfigurationIsVisible = 0;
			defaultConfigurationName = Release;
		};
		34D150DF2171A24400006D23 /* Build configuration list for PBXNativeTarget "WeiXin" */ = {
			isa = XCConfigurationList;
			buildConfigurations = (
				34D150E02171A24400006D23 /* Debug */,
				34D150E12171A24400006D23 /* Release */,
			);
			defaultConfigurationIsVisible = 0;
			defaultConfigurationName = Release;
		};
/* End XCConfigurationList section */
	};
	rootObject = 34D150C12171A24200006D23 /* Project object */;
}
